
Microsoft Visual Studio Solution File, Format Version 12.00
# Visual Studio Version 17
VisualStudioVersion = 17.7.34221.43
MinimumVisualStudioVersion = 10.0.40219.1
Project("{FAE04EC0-301F-11D3-BF4B-00C04F79EFBC}") = "WinFormsApp1", "WinFormsApp1\WinFormsApp1.csproj", "{3511E8DD-0FB2-45D9-89C1-82B4BF10DE17}"
EndProject
Global
	GlobalSection(SolutionConfigurationPlatforms) = preSolution
		Debug|Any CPU = Debug|Any CPU
		Release|Any CPU = Release|Any CPU
	EndGlobalSection
	GlobalSection(ProjectConfigurationPlatforms) = postSolution
		{3511E8DD-0FB2-45D9-89C1-82B4BF10DE17}.Debug|Any CPU.ActiveCfg = Debug|Any CPU
		{3511E8DD-0FB2-45D9-89C1-82B4BF10DE17}.Debug|Any CPU.Build.0 = Debug|Any CPU
		{3511E8DD-0FB2-45D9-89C1-82B4BF10DE17}.Release|Any CPU.ActiveCfg = Release|Any CPU
		{3511E8DD-0FB2-45D9-89C1-82B4BF10DE17}.Release|Any CPU.Build.0 = Release|Any CPU
	EndGlobalSection
	GlobalSection(SolutionProperties) = preSolution
		HideSolutionNode = FALSE
	EndGlobalSection
	GlobalSection(ExtensibilityGlobals) = postSolution
		SolutionGuid = {74B9CBAC-973E-4FE3-BA70-DB4AD43E277A}
	EndGlobalSection
EndGlobal
